
Microsoft Visual Studio Solution File, Format Version 12.00
# Visual Studio Version 17
VisualStudioVersion = 17.11.35312.102
MinimumVisualStudioVersion = 10.0.40219.1
Project("{FAE04EC0-301F-11D3-BF4B-00C04F79EFBC}") = "conctatesPOO", "conctatesPOO.csproj", "{EB9DAA91-C84B-4690-832A-866AA78C0093}"
EndProject
Global
	GlobalSection(SolutionConfigurationPlatforms) = preSolution
		Debug|Any CPU = Debug|Any CPU
		Release|Any CPU = Release|Any CPU
	EndGlobalSection
	GlobalSection(ProjectConfigurationPlatforms) = postSolution
		{EB9DAA91-C84B-4690-832A-866AA78C0093}.Debug|Any CPU.ActiveCfg = Debug|Any CPU
		{EB9DAA91-C84B-4690-832A-866AA78C0093}.Debug|Any CPU.Build.0 = Debug|Any CPU
		{EB9DAA91-C84B-4690-832A-866AA78C0093}.Release|Any CPU.ActiveCfg = Release|Any CPU
		{EB9DAA91-C84B-4690-832A-866AA78C0093}.Release|Any CPU.Build.0 = Release|Any CPU
	EndGlobalSection
	GlobalSection(SolutionProperties) = preSolution
		HideSolutionNode = FALSE
	EndGlobalSection
	GlobalSection(ExtensibilityGlobals) = postSolution
		SolutionGuid = {D953327A-4000-4850-A551-654BB9813C16}
	EndGlobalSection
EndGlobal
